
Microsoft Visual Studio Solution File, Format Version 12.00
# Visual Studio Version 16
VisualStudioVersion = 16.0.31112.23
MinimumVisualStudioVersion = 10.0.40219.1
Project("{FAE04EC0-301F-11D3-BF4B-00C04F79EFBC}") = "MonumentosOnline", "MonumentosOnline\MonumentosOnline.csproj", "{9F542F81-A7F6-465F-969E-6D8CBB3E480E}"
EndProject
Global
	GlobalSection(SolutionConfigurationPlatforms) = preSolution
		Debug|Any CPU = Debug|Any CPU
		Release|Any CPU = Release|Any CPU
	EndGlobalSection
	GlobalSection(ProjectConfigurationPlatforms) = postSolution
		{9F542F81-A7F6-465F-969E-6D8CBB3E480E}.Debug|Any CPU.ActiveCfg = Debug|Any CPU
		{9F542F81-A7F6-465F-969E-6D8CBB3E480E}.Debug|Any CPU.Build.0 = Debug|Any CPU
		{9F542F81-A7F6-465F-969E-6D8CBB3E480E}.Release|Any CPU.ActiveCfg = Release|Any CPU
		{9F542F81-A7F6-465F-969E-6D8CBB3E480E}.Release|Any CPU.Build.0 = Release|Any CPU
	EndGlobalSection
	GlobalSection(SolutionProperties) = preSolution
		HideSolutionNode = FALSE
	EndGlobalSection
	GlobalSection(ExtensibilityGlobals) = postSolution
		SolutionGuid = {16182DC8-FE58-448C-B186-4A0537662B13}
	EndGlobalSection
EndGlobal
